
Microsoft Visual Studio Solution File, Format Version 12.00
# Visual Studio 2017
Project("{FAE04EC0-301F-11D3-BF4B-00C04F79EFBC}") = "Own pooling", "Own pooling.csproj", "{53FB5443-915F-1685-91DB-86863098A527}"
EndProject
Global
	GlobalSection(SolutionConfigurationPlatforms) = preSolution
		Debug|Any CPU = Debug|Any CPU
		Release|Any CPU = Release|Any CPU
	EndGlobalSection
	GlobalSection(ProjectConfigurationPlatforms) = postSolution
		{53FB5443-915F-1685-91DB-86863098A527}.Debug|Any CPU.ActiveCfg = Debug|Any CPU
		{53FB5443-915F-1685-91DB-86863098A527}.Debug|Any CPU.Build.0 = Debug|Any CPU
		{53FB5443-915F-1685-91DB-86863098A527}.Release|Any CPU.ActiveCfg = Release|Any CPU
		{53FB5443-915F-1685-91DB-86863098A527}.Release|Any CPU.Build.0 = Release|Any CPU
	EndGlobalSection
	GlobalSection(SolutionProperties) = preSolution
		HideSolutionNode = FALSE
	EndGlobalSection
EndGlobal
